github.com/tafhero/go-say-hello v1.0.0 h1:6MPSxZ8cc4DAzTTlzdDcVWCfWil3DPLRrQ1h2x1xNfw=
github.com/tafhero/go-say-hello v1.0.0/go.mod h1:nwAotoNn3osslqk49ZazZIU8rtt+M3cubY9zFv2WUq8=
github.com/tafhero/go-say-hello v1.1.0 h1:UM+VYKLZR2cNawtqwEvLZcswz4Vk3/H/E8eI42E4mLU=
github.com/tafhero/go-say-hello v1.1.0/go.mod h1:nwAotoNn3osslqk49ZazZIU8rtt+M3cubY9zFv2WUq8=
github.com/tafhero/go-say-hello/v2 v2.0.0 h1:pguZa5lyxqhnBIfLEvF4Da14cfUwrqqd4lds+ZG8k1U=
github.com/tafhero/go-say-hello/v2 v2.0.0/go.mod h1:9lRBvHxJdHu/HV3UbsK22E23qb3YwsQk/eNz5jo77jU=
